
Microsoft Visual Studio Solution File, Format Version 12.00
# Visual Studio Version 16
VisualStudioVersion = 16.0.30907.101
MinimumVisualStudioVersion = 10.0.40219.1
Project("{FAE04EC0-301F-11D3-BF4B-00C04F79EFBC}") = "lesson8Activities", "lesson8Activities\lesson8Activities.csproj", "{E7A80AED-FAE4-4DFA-A9B9-EC76BC6988A9}"
EndProject
Global
	GlobalSection(SolutionConfigurationPlatforms) = preSolution
		Debug|Any CPU = Debug|Any CPU
		Release|Any CPU = Release|Any CPU
	EndGlobalSection
	GlobalSection(ProjectConfigurationPlatforms) = postSolution
		{E7A80AED-FAE4-4DFA-A9B9-EC76BC6988A9}.Debug|Any CPU.ActiveCfg = Debug|Any CPU
		{E7A80AED-FAE4-4DFA-A9B9-EC76BC6988A9}.Debug|Any CPU.Build.0 = Debug|Any CPU
		{E7A80AED-FAE4-4DFA-A9B9-EC76BC6988A9}.Release|Any CPU.ActiveCfg = Release|Any CPU
		{E7A80AED-FAE4-4DFA-A9B9-EC76BC6988A9}.Release|Any CPU.Build.0 = Release|Any CPU
	EndGlobalSection
	GlobalSection(SolutionProperties) = preSolution
		HideSolutionNode = FALSE
	EndGlobalSection
	GlobalSection(ExtensibilityGlobals) = postSolution
		SolutionGuid = {F0F2484B-686B-4A44-BFBB-C78BE1D88C39}
	EndGlobalSection
EndGlobal
